// !$*UTF8*$!
{
	archiveVersion = 1;
	classes = {
	};
	objectVersion = 50;
	objects = {

/* Begin PBXBuildFile section */
		859B71670AC5B468D0E2A32E /* Pods_20190425_SathishkumarGovindara_NYCSchools.framework in Frameworks */ = {isa = PBXBuildFile; fileRef = 9C25D325B4057D4A7F0BDAFC /* Pods_20190425_SathishkumarGovindara_NYCSchools.framework */; };
		88B825E222713266008D17FF /* AppDelegate.swift in Sources */ = {isa = PBXBuildFile; fileRef = 88B825E122713266008D17FF /* AppDelegate.swift */; };
		88B825E422713266008D17FF /* MasterViewController.swift in Sources */ = {isa = PBXBuildFile; fileRef = 88B825E322713266008D17FF /* MasterViewController.swift */; };
		88B825E622713266008D17FF /* DetailViewController.swift in Sources */ = {isa = PBXBuildFile; fileRef = 88B825E522713266008D17FF /* DetailViewController.swift */; };
		88B825E922713266008D17FF /* Main.storyboard in Resources */ = {isa = PBXBuildFile; fileRef = 88B825E722713266008D17FF /* Main.storyboard */; };
		88B825EB22713269008D17FF /* Assets.xcassets in Resources */ = {isa = PBXBuildFile; fileRef = 88B825EA22713269008D17FF /* Assets.xcassets */; };
		88B825EE22713269008D17FF /* LaunchScreen.storyboard in Resources */ = {isa = PBXBuildFile; fileRef = 88B825EC22713269008D17FF /* LaunchScreen.storyboard */; };
		88D1A04C227205A200DF4FB4 /* Schools.swift in Sources */ = {isa = PBXBuildFile; fileRef = 88D1A04B227205A200DF4FB4 /* Schools.swift */; };
/* End PBXBuildFile section */

/* Begin PBXFileReference section */
		88B825DE22713266008D17FF /* 20190425-SathishkumarGovindara-NYCSchools.app */ = {isa = PBXFileReference; explicitFileType = wrapper.application; includeInIndex = 0; path = "20190425-SathishkumarGovindara-NYCSchools.app"; sourceTree = BUILT_PRODUCTS_DIR; };
		88B825E122713266008D17FF /* AppDelegate.swift */ = {isa = PBXFileReference; lastKnownFileType = sourcecode.swift; path = AppDelegate.swift; sourceTree = "<group>"; };
		88B825E322713266008D17FF /* MasterViewController.swift */ = {isa = PBXFileReference; lastKnownFileType = sourcecode.swift; path = MasterViewController.swift; sourceTree = "<group>"; };
		88B825E522713266008D17FF /* DetailViewController.swift */ = {isa = PBXFileReference; lastKnownFileType = sourcecode.swift; path = DetailViewController.swift; sourceTree = "<group>"; };
		88B825E822713266008D17FF /* Base */ = {isa = PBXFileReference; lastKnownFileType = file.storyboard; name = Base; path = Base.lproj/Main.storyboard; sourceTree = "<group>"; };
		88B825EA22713269008D17FF /* Assets.xcassets */ = {isa = PBXFileReference; lastKnownFileType = folder.assetcatalog; path = Assets.xcassets; sourceTree = "<group>"; };
		88B825ED22713269008D17FF /* Base */ = {isa = PBXFileReference; lastKnownFileType = file.storyboard; name = Base; path = Base.lproj/LaunchScreen.storyboard; sourceTree = "<group>"; };
		88B825EF22713269008D17FF /* Info.plist */ = {isa = PBXFileReference; lastKnownFileType = text.plist.xml; path = Info.plist; sourceTree = "<group>"; };
		88D1A04B227205A200DF4FB4 /* Schools.swift */ = {isa = PBXFileReference; lastKnownFileType = sourcecode.swift; path = Schools.swift; sourceTree = "<group>"; };
		8DDC053A9128C35F0EB007CC /* Pods-20190425-SathishkumarGovindara-NYCSchools.release.xcconfig */ = {isa = PBXFileReference; includeInIndex = 1; lastKnownFileType = text.xcconfig; name = "Pods-20190425-SathishkumarGovindara-NYCSchools.release.xcconfig"; path = "Target Support Files/Pods-20190425-SathishkumarGovindara-NYCSchools/Pods-20190425-SathishkumarGovindara-NYCSchools.release.xcconfig"; sourceTree = "<group>"; };
		9C25D325B4057D4A7F0BDAFC /* Pods_20190425_SathishkumarGovindara_NYCSchools.framework */ = {isa = PBXFileReference; explicitFileType = wrapper.framework; includeInIndex = 0; path = Pods_20190425_SathishkumarGovindara_NYCSchools.framework; sourceTree = BUILT_PRODUCTS_DIR; };
		FC81ED29B8FF82E254C18636 /* Pods-20190425-SathishkumarGovindara-NYCSchools.debug.xcconfig */ = {isa = PBXFileReference; includeInIndex = 1; lastKnownFileType = text.xcconfig; name = "Pods-20190425-SathishkumarGovindara-NYCSchools.debug.xcconfig"; path = "Target Support Files/Pods-20190425-SathishkumarGovindara-NYCSchools/Pods-20190425-SathishkumarGovindara-NYCSchools.debug.xcconfig"; sourceTree = "<group>"; };
/* End PBXFileReference section */

/* Begin PBXFrameworksBuildPhase section */
		88B825DB22713266008D17FF /* Frameworks */ = {
			isa = PBXFrameworksBuildPhase;
			buildActionMask = 2147483647;
			files = (
				859B71670AC5B468D0E2A32E /* Pods_20190425_SathishkumarGovindara_NYCSchools.framework in Frameworks */,
			);
			runOnlyForDeploymentPostprocessing = 0;
		};
/* End PBXFrameworksBuildPhase section */

/* Begin PBXGroup section */
		07184EAE5D6EAF870221AAC6 /* Frameworks */ = {
			isa = PBXGroup;
			children = (
				9C25D325B4057D4A7F0BDAFC /* Pods_20190425_SathishkumarGovindara_NYCSchools.framework */,
			);
			name = Frameworks;
			sourceTree = "<group>";
		};
		88B825D522713266008D17FF = {
			isa = PBXGroup;
			children = (
				88B825E022713266008D17FF /* 20190425-SathishkumarGovindara-NYCSchools */,
				88B825DF22713266008D17FF /* Products */,
				9E6E1F7C770029482FDD81F5 /* Pods */,
				07184EAE5D6EAF870221AAC6 /* Frameworks */,
			);
			sourceTree = "<group>";
		};
		88B825DF22713266008D17FF /* Products */ = {
			isa = PBXGroup;
			children = (
				88B825DE22713266008D17FF /* 20190425-SathishkumarGovindara-NYCSchools.app */,
			);
			name = Products;
			sourceTree = "<group>";
		};
		88B825E022713266008D17FF /* 20190425-SathishkumarGovindara-NYCSchools */ = {
			isa = PBXGroup;
			children = (
				88B825E122713266008D17FF /* AppDelegate.swift */,
				88D1A04B227205A200DF4FB4 /* Schools.swift */,
				88B825E322713266008D17FF /* MasterViewController.swift */,
				88B825E522713266008D17FF /* DetailViewController.swift */,
				88B825E722713266008D17FF /* Main.storyboard */,
				88B825EA22713269008D17FF /* Assets.xcassets */,
				88B825EC22713269008D17FF /* LaunchScreen.storyboard */,
				88B825EF22713269008D17FF /* Info.plist */,
			);
			path = "20190425-SathishkumarGovindara-NYCSchools";
			sourceTree = "<group>";
		};
		9E6E1F7C770029482FDD81F5 /* Pods */ = {
			isa = PBXGroup;
			children = (
				FC81ED29B8FF82E254C18636 /* Pods-20190425-SathishkumarGovindara-NYCSchools.debug.xcconfig */,
				8DDC053A9128C35F0EB007CC /* Pods-20190425-SathishkumarGovindara-NYCSchools.release.xcconfig */,
			);
			path = Pods;
			sourceTree = "<group>";
		};
/* End PBXGroup section */

/* Begin PBXNativeTarget section */
		88B825DD22713266008D17FF /* 20190425-SathishkumarGovindara-NYCSchools */ = {
			isa = PBXNativeTarget;
			buildConfigurationList = 88B825F222713269008D17FF /* Build configuration list for PBXNativeTarget "20190425-SathishkumarGovindara-NYCSchools" */;
			buildPhases = (
				E34F093AE5842F01E938D0B7 /* [CP] Check Pods Manifest.lock */,
				88B825DA22713266008D17FF /* Sources */,
				88B825DB22713266008D17FF /* Frameworks */,
				88B825DC22713266008D17FF /* Resources */,
				DB73703BDF4FE4349F950021 /* [CP] Embed Pods Frameworks */,
			);
			buildRules = (
			);
			dependencies = (
			);
			name = "20190425-SathishkumarGovindara-NYCSchools";
			productName = "20190425-SathishkumarGovindara-NYCSchools";
			productReference = 88B825DE22713266008D17FF /* 20190425-SathishkumarGovindara-NYCSchools.app */;
			productType = "com.apple.product-type.application";
		};
/* End PBXNativeTarget section */

/* Begin PBXProject section */
		88B825D622713266008D17FF /* Project object */ = {
			isa = PBXProject;
			attributes = {
				LastSwiftUpdateCheck = 1000;
				LastUpgradeCheck = 1000;
				ORGANIZATIONNAME = "Sathish Kumar G";
				TargetAttributes = {
					88B825DD22713266008D17FF = {
						CreatedOnToolsVersion = 10.0;
					};
				};
			};
			buildConfigurationList = 88B825D922713266008D17FF /* Build configuration list for PBXProject "20190425-SathishkumarGovindara-NYCSchools" */;
			compatibilityVersion = "Xcode 9.3";
			developmentRegion = en;
			hasScannedForEncodings = 0;
			knownRegions = (
				en,
				Base,
			);
			mainGroup = 88B825D522713266008D17FF;
			productRefGroup = 88B825DF22713266008D17FF /* Products */;
			projectDirPath = "";
			projectRoot = "";
			targets = (
				88B825DD22713266008D17FF /* 20190425-SathishkumarGovindara-NYCSchools */,
			);
		};
/* End PBXProject section */

/* Begin PBXResourcesBuildPhase section */
		88B825DC22713266008D17FF /* Resources */ = {
			isa = PBXResourcesBuildPhase;
			buildActionMask = 2147483647;
			files = (
				88B825EE22713269008D17FF /* LaunchScreen.storyboard in Resources */,
				88B825EB22713269008D17FF /* Assets.xcassets in Resources */,
				88B825E922713266008D17FF /* Main.storyboard in Resources */,
			);
			runOnlyForDeploymentPostprocessing = 0;
		};
/* End PBXResourcesBuildPhase section */

/* Begin PBXShellScriptBuildPhase section */
		DB73703BDF4FE4349F950021 /* [CP] Embed Pods Frameworks */ = {
			isa = PBXShellScriptBuildPhase;
			buildActionMask = 2147483647;
			files = (
			);
			inputFileListPaths = (
			);
			inputPaths = (
				"${PODS_ROOT}/Target Support Files/Pods-20190425-SathishkumarGovindara-NYCSchools/Pods-20190425-SathishkumarGovindara-NYCSchools-frameworks.sh",
				"${BUILT_PRODUCTS_DIR}/Alamofire/Alamofire.framework",
				"${BUILT_PRODUCTS_DIR}/SwiftyJSON/SwiftyJSON.framework",
			);
			name = "[CP] Embed Pods Frameworks";
			outputFileListPaths = (
			);
			outputPaths = (
				"${TARGET_BUILD_DIR}/${FRAMEWORKS_FOLDER_PATH}/Alamofire.framework",
				"${TARGET_BUILD_DIR}/${FRAMEWORKS_FOLDER_PATH}/SwiftyJSON.framework",
			);
			runOnlyForDeploymentPostprocessing = 0;
			shellPath = /bin/sh;
			shellScript = "\"${PODS_ROOT}/Target Support Files/Pods-20190425-SathishkumarGovindara-NYCSchools/Pods-20190425-SathishkumarGovindara-NYCSchools-frameworks.sh\"\n";
			showEnvVarsInLog = 0;
		};
		E34F093AE5842F01E938D0B7 /* [CP] Check Pods Manifest.lock */ = {
			isa = PBXShellScriptBuildPhase;
			buildActionMask = 2147483647;
			files = (
			);
			inputFileListPaths = (
			);
			inputPaths = (
				"${PODS_PODFILE_DIR_PATH}/Podfile.lock",
				"${PODS_ROOT}/Manifest.lock",
			);
			name = "[CP] Check Pods Manifest.lock";
			outputFileListPaths = (
			);
			outputPaths = (
				"$(DERIVED_FILE_DIR)/Pods-20190425-SathishkumarGovindara-NYCSchools-checkManifestLockResult.txt",
			);
			runOnlyForDeploymentPostprocessing = 0;
			shellPath = /bin/sh;
			shellScript = "diff \"${PODS_PODFILE_DIR_PATH}/Podfile.lock\" \"${PODS_ROOT}/Manifest.lock\" > /dev/null\nif [ $? != 0 ] ; then\n    # print error to STDERR\n    echo \"error: The sandbox is not in sync with the Podfile.lock. Run 'pod install' or update your CocoaPods installation.\" >&2\n    exit 1\nfi\n# This output is used by Xcode 'outputs' to avoid re-running this script phase.\necho \"SUCCESS\" > \"${SCRIPT_OUTPUT_FILE_0}\"\n";
			showEnvVarsInLog = 0;
		};
/* End PBXShellScriptBuildPhase section */

/* Begin PBXSourcesBuildPhase section */
		88B825DA22713266008D17FF /* Sources */ = {
			isa = PBXSourcesBuildPhase;
			buildActionMask = 2147483647;
			files = (
				88B825E622713266008D17FF /* DetailViewController.swift in Sources */,
				88B825E422713266008D17FF /* MasterViewController.swift in Sources */,
				88B825E222713266008D17FF /* AppDelegate.swift in Sources */,
				88D1A04C227205A200DF4FB4 /* Schools.swift in Sources */,
			);
			runOnlyForDeploymentPostprocessing = 0;
		};
/* End PBXSourcesBuildPhase section */

/* Begin PBXVariantGroup section */
		88B825E722713266008D17FF /* Main.storyboard */ = {
			isa = PBXVariantGroup;
			children = (
				88B825E822713266008D17FF /* Base */,
			);
			name = Main.storyboard;
			sourceTree = "<group>";
		};
		88B825EC22713269008D17FF /* LaunchScreen.storyboard */ = {
			isa = PBXVariantGroup;
			children = (
				88B825ED22713269008D17FF /* Base */,
			);
			name = LaunchScreen.storyboard;
			sourceTree = "<group>";
		};
/* End PBXVariantGroup section */

/* Begin XCBuildConfiguration section */
		88B825F022713269008D17FF /* Debug */ = {
			isa = XCBuildConfiguration;
			buildSettings = {
				ALWAYS_SEARCH_USER_PATHS = NO;
				CLANG_ANALYZER_NONNULL = YES;
				CLANG_ANALYZER_NUMBER_OBJECT_CONVERSION = YES_AGGRESSIVE;
				CLANG_CXX_LANGUAGE_STANDARD = "gnu++14";
				CLANG_CXX_LIBRARY = "libc++";
				CLANG_ENABLE_MODULES = YES;
				CLANG_ENABLE_OBJC_ARC = YES;
				CLANG_ENABLE_OBJC_WEAK = YES;
				CLANG_WARN_BLOCK_CAPTURE_AUTORELEASING = YES;
				CLANG_WARN_BOOL_CONVERSION = YES;
				CLANG_WARN_COMMA = YES;
				CLANG_WARN_CONSTANT_CONVERSION = YES;
				CLANG_WARN_DEPRECATED_OBJC_IMPLEMENTATIONS = YES;
				CLANG_WARN_DIRECT_OBJC_ISA_USAGE = YES_ERROR;
				CLANG_WARN_DOCUMENTATION_COMMENTS = YES;
				CLANG_WARN_EMPTY_BODY = YES;
				CLANG_WARN_ENUM_CONVERSION = YES;
				CLANG_WARN_INFINITE_RECURSION = YES;
				CLANG_WARN_INT_CONVERSION = YES;
				CLANG_WARN_NON_LITERAL_NULL_CONVERSION = YES;
				CLANG_WARN_OBJC_IMPLICIT_RETAIN_SELF = YES;
				CLANG_WARN_OBJC_LITERAL_CONVERSION = YES;
				CLANG_WARN_OBJC_ROOT_CLASS = YES_ERROR;
				CLANG_WARN_RANGE_LOOP_ANALYSIS = YES;
				CLANG_WARN_STRICT_PROTOTYPES = YES;
				CLANG_WARN_SUSPICIOUS_MOVE = YES;
				CLANG_WARN_UNGUARDED_AVAILABILITY = YES_AGGRESSIVE;
				CLANG_WARN_UNREACHABLE_CODE = YES;
				CLANG_WARN__DUPLICATE_METHOD_MATCH = YES;
				CODE_SIGN_IDENTITY = "iPhone Developer";
				COPY_PHASE_STRIP = NO;
				DEBUG_INFORMATION_FORMAT = dwarf;
				ENABLE_STRICT_OBJC_MSGSEND = YES;
				ENABLE_TESTABILITY = YES;
				GCC_C_LANGUAGE_STANDARD = gnu11;
				GCC_DYNAMIC_NO_PIC = NO;
				GCC_NO_COMMON_BLOCKS = YES;
				GCC_OPTIMIZATION_LEVEL = 0;
				GCC_PREPROCESSOR_DEFINITIONS = (
					"DEBUG=1",
					"$(inherited)",
				);
				GCC_WARN_64_TO_32_BIT_CONVERSION = YES;
				GCC_WARN_ABOUT_RETURN_TYPE = YES_ERROR;
				GCC_WARN_UNDECLARED_SELECTOR = YES;
				GCC_WARN_UNINITIALIZED_AUTOS = YES_AGGRESSIVE;
				GCC_WARN_UNUSED_FUNCTION = YES;
				GCC_WARN_UNUSED_VARIABLE = YES;
				IPHONEOS_DEPLOYMENT_TARGET = 12.0;
				MTL_ENABLE_DEBUG_INFO = INCLUDE_SOURCE;
				MTL_FAST_MATH = YES;
				ONLY_ACTIVE_ARCH = YES;
				SDKROOT = iphoneos;
				SWIFT_ACTIVE_COMPILATION_CONDITIONS = DEBUG;
				SWIFT_OPTIMIZATION_LEVEL = "-Onone";
				SWIFT_VERSION = 4.2;
			};
			name = Debug;
		};
		88B825F122713269008D17FF /* Release */ = {
			isa = XCBuildConfiguration;
			buildSettings = {
				ALWAYS_SEARCH_USER_PATHS = NO;
				CLANG_ANALYZER_NONNULL = YES;
				CLANG_ANALYZER_NUMBER_OBJECT_CONVERSION = YES_AGGRESSIVE;
				CLANG_CXX_LANGUAGE_STANDARD = "gnu++14";
				CLANG_CXX_LIBRARY = "libc++";
				CLANG_ENABLE_MODULES = YES;
				CLANG_ENABLE_OBJC_ARC = YES;
				CLANG_ENABLE_OBJC_WEAK = YES;
				CLANG_WARN_BLOCK_CAPTURE_AUTORELEASING = YES;
				CLANG_WARN_BOOL_CONVERSION = YES;
				CLANG_WARN_COMMA = YES;
				CLANG_WARN_CONSTANT_CONVERSION = YES;
				CLANG_WARN_DEPRECATED_OBJC_IMPLEMENTATIONS = YES;
				CLANG_WARN_DIRECT_OBJC_ISA_USAGE = YES_ERROR;
				CLANG_WARN_DOCUMENTATION_COMMENTS = YES;
				CLANG_WARN_EMPTY_BODY = YES;
				CLANG_WARN_ENUM_CONVERSION = YES;
				CLANG_WARN_INFINITE_RECURSION = YES;
				CLANG_WARN_INT_CONVERSION = YES;
				CLANG_WARN_NON_LITERAL_NULL_CONVERSION = YES;
				CLANG_WARN_OBJC_IMPLICIT_RETAIN_SELF = YES;
				CLANG_WARN_OBJC_LITERAL_CONVERSION = YES;
				CLANG_WARN_OBJC_ROOT_CLASS = YES_ERROR;
				CLANG_WARN_RANGE_LOOP_ANALYSIS = YES;
				CLANG_WARN_STRICT_PROTOTYPES = YES;
				CLANG_WARN_SUSPICIOUS_MOVE = YES;
				CLANG_WARN_UNGUARDED_AVAILABILITY = YES_AGGRESSIVE;
				CLANG_WARN_UNREACHABLE_CODE = YES;
				CLANG_WARN__DUPLICATE_METHOD_MATCH = YES;
				CODE_SIGN_IDENTITY = "iPhone Developer";
				COPY_PHASE_STRIP = NO;
				DEBUG_INFORMATION_FORMAT = "dwarf-with-dsym";
				ENABLE_NS_ASSERTIONS = NO;
				ENABLE_STRICT_OBJC_MSGSEND = YES;
				GCC_C_LANGUAGE_STANDARD = gnu11;
				GCC_NO_COMMON_BLOCKS = YES;
				GCC_WARN_64_TO_32_BIT_CONVERSION = YES;
				GCC_WARN_ABOUT_RETURN_TYPE = YES_ERROR;
				GCC_WARN_UNDECLARED_SELECTOR = YES;
				GCC_WARN_UNINITIALIZED_AUTOS = YES_AGGRESSIVE;
				GCC_WARN_UNUSED_FUNCTION = YES;
				GCC_WARN_UNUSED_VARIABLE = YES;
				IPHONEOS_DEPLOYMENT_TARGET = 12.0;
				MTL_ENABLE_DEBUG_INFO = NO;
				MTL_FAST_MATH = YES;
				SDKROOT = iphoneos;
				SWIFT_COMPILATION_MODE = wholemodule;
				SWIFT_OPTIMIZATION_LEVEL = "-O";
				SWIFT_VERSION = 4.2;
				VALIDATE_PRODUCT = YES;
			};
			name = Release;
		};
		88B825F322713269008D17FF /* Debug */ = {
			isa = XCBuildConfiguration;
			baseConfigurationReference = FC81ED29B8FF82E254C18636 /* Pods-20190425-SathishkumarGovindara-NYCSchools.debug.xcconfig */;
			buildSettings = {
				ASSETCATALOG_COMPILER_APPICON_NAME = AppIcon;
				CODE_SIGN_STYLE = Automatic;
				INFOPLIST_FILE = "20190425-SathishkumarGovindara-NYCSchools/Info.plist";
				LD_RUNPATH_SEARCH_PATHS = (
					"$(inherited)",
					"@executable_path/Frameworks",
				);
				PRODUCT_BUNDLE_IDENTIFIER = "com.SKG.-0190425-SathishkumarGovindara-NYCSchools";
				PRODUCT_NAME = "$(TARGET_NAME)";
				SWIFT_VERSION = 4.2;
				TARGETED_DEVICE_FAMILY = "1,2";
			};
			name = Debug;
		};
		88B825F422713269008D17FF /* Release */ = {
			isa = XCBuildConfiguration;
			baseConfigurationReference = 8DDC053A9128C35F0EB007CC /* Pods-20190425-SathishkumarGovindara-NYCSchools.release.xcconfig */;
			buildSettings = {
				ASSETCATALOG_COMPILER_APPICON_NAME = AppIcon;
				CODE_SIGN_STYLE = Automatic;
				INFOPLIST_FILE = "20190425-SathishkumarGovindara-NYCSchools/Info.plist";
				LD_RUNPATH_SEARCH_PATHS = (
					"$(inherited)",
					"@executable_path/Frameworks",
				);
				PRODUCT_BUNDLE_IDENTIFIER = "com.SKG.-0190425-SathishkumarGovindara-NYCSchools";
				PRODUCT_NAME = "$(TARGET_NAME)";
				SWIFT_VERSION = 4.2;
				TARGETED_DEVICE_FAMILY = "1,2";
			};
			name = Release;
		};
/* End XCBuildConfiguration section */

/* Begin XCConfigurationList section */
		88B825D922713266008D17FF /* Build configuration list for PBXProject "20190425-SathishkumarGovindara-NYCSchools" */ = {
			isa = XCConfigurationList;
			buildConfigurations = (
				88B825F022713269008D17FF /* Debug */,
				88B825F122713269008D17FF /* Release */,
			);
			defaultConfigurationIsVisible = 0;
			defaultConfigurationName = Release;
		};
		88B825F222713269008D17FF /* Build configuration list for PBXNativeTarget "20190425-SathishkumarGovindara-NYCSchools" */ = {
			isa = XCConfigurationList;
			buildConfigurations = (
				88B825F322713269008D17FF /* Debug */,
				88B825F422713269008D17FF /* Release */,
			);
			defaultConfigurationIsVisible = 0;
			defaultConfigurationName = Release;
		};
/* End XCConfigurationList section */
	};
	rootObject = 88B825D622713266008D17FF /* Project object */;
}
